
Microsoft Visual Studio Solution File, Format Version 12.00
# Visual Studio Version 17
VisualStudioVersion = 17.4.33213.308
MinimumVisualStudioVersion = 10.0.40219.1
Project("{FAE04EC0-301F-11D3-BF4B-00C04F79EFBC}") = "funciones", "funciones\funciones.csproj", "{94206E9C-ED22-4381-A084-5F679CF1E8C6}"
EndProject
Project("{FAE04EC0-301F-11D3-BF4B-00C04F79EFBC}") = "listas", "listas\listas.csproj", "{53491FA5-B09E-409D-AFD3-4FE9E12B772E}"
EndProject
Project("{FAE04EC0-301F-11D3-BF4B-00C04F79EFBC}") = "listas2", "listas2\listas2.csproj", "{A41310A8-7B72-4EE6-A6D3-DDBA5F2E3E13}"
EndProject
Project("{FAE04EC0-301F-11D3-BF4B-00C04F79EFBC}") = "practicoListas", "practicoListas\practicoListas.csproj", "{63DE8787-D12F-4342-8A0B-FEC5D4781095}"
EndProject
Global
	GlobalSection(SolutionConfigurationPlatforms) = preSolution
		Debug|Any CPU = Debug|Any CPU
		Release|Any CPU = Release|Any CPU
	EndGlobalSection
	GlobalSection(ProjectConfigurationPlatforms) = postSolution
		{94206E9C-ED22-4381-A084-5F679CF1E8C6}.Debug|Any CPU.ActiveCfg = Debug|Any CPU
		{94206E9C-ED22-4381-A084-5F679CF1E8C6}.Debug|Any CPU.Build.0 = Debug|Any CPU
		{94206E9C-ED22-4381-A084-5F679CF1E8C6}.Release|Any CPU.ActiveCfg = Release|Any CPU
		{94206E9C-ED22-4381-A084-5F679CF1E8C6}.Release|Any CPU.Build.0 = Release|Any CPU
		{53491FA5-B09E-409D-AFD3-4FE9E12B772E}.Debug|Any CPU.ActiveCfg = Debug|Any CPU
		{53491FA5-B09E-409D-AFD3-4FE9E12B772E}.Debug|Any CPU.Build.0 = Debug|Any CPU
		{53491FA5-B09E-409D-AFD3-4FE9E12B772E}.Release|Any CPU.ActiveCfg = Release|Any CPU
		{53491FA5-B09E-409D-AFD3-4FE9E12B772E}.Release|Any CPU.Build.0 = Release|Any CPU
		{A41310A8-7B72-4EE6-A6D3-DDBA5F2E3E13}.Debug|Any CPU.ActiveCfg = Debug|Any CPU
		{A41310A8-7B72-4EE6-A6D3-DDBA5F2E3E13}.Debug|Any CPU.Build.0 = Debug|Any CPU
		{A41310A8-7B72-4EE6-A6D3-DDBA5F2E3E13}.Release|Any CPU.ActiveCfg = Release|Any CPU
		{A41310A8-7B72-4EE6-A6D3-DDBA5F2E3E13}.Release|Any CPU.Build.0 = Release|Any CPU
		{63DE8787-D12F-4342-8A0B-FEC5D4781095}.Debug|Any CPU.ActiveCfg = Debug|Any CPU
		{63DE8787-D12F-4342-8A0B-FEC5D4781095}.Debug|Any CPU.Build.0 = Debug|Any CPU
		{63DE8787-D12F-4342-8A0B-FEC5D4781095}.Release|Any CPU.ActiveCfg = Release|Any CPU
		{63DE8787-D12F-4342-8A0B-FEC5D4781095}.Release|Any CPU.Build.0 = Release|Any CPU
	EndGlobalSection
	GlobalSection(SolutionProperties) = preSolution
		HideSolutionNode = FALSE
	EndGlobalSection
	GlobalSection(ExtensibilityGlobals) = postSolution
		SolutionGuid = {D43B3861-6D07-4501-853F-75A254868F31}
	EndGlobalSection
EndGlobal
